
Microsoft Visual Studio Solution File, Format Version 12.00
# Visual Studio 15
VisualStudioVersion = 15.0.27703.2042
MinimumVisualStudioVersion = 10.0.40219.1
Project("{9A19103F-16F7-4668-BE54-9A1E7A4F7556}") = "mangocoin-webwallet", "mangocoin-webwallet.csproj", "{AA9CFC66-52F2-4521-B026-47B83047398D}"
EndProject
Global
	GlobalSection(SolutionConfigurationPlatforms) = preSolution
		Debug|Any CPU = Debug|Any CPU
		Release|Any CPU = Release|Any CPU
	EndGlobalSection
	GlobalSection(ProjectConfigurationPlatforms) = postSolution
		{AA9CFC66-52F2-4521-B026-47B83047398D}.Debug|Any CPU.ActiveCfg = Debug|Any CPU
		{AA9CFC66-52F2-4521-B026-47B83047398D}.Debug|Any CPU.Build.0 = Debug|Any CPU
		{AA9CFC66-52F2-4521-B026-47B83047398D}.Release|Any CPU.ActiveCfg = Release|Any CPU
		{AA9CFC66-52F2-4521-B026-47B83047398D}.Release|Any CPU.Build.0 = Release|Any CPU
	EndGlobalSection
	GlobalSection(SolutionProperties) = preSolution
		HideSolutionNode = FALSE
	EndGlobalSection
	GlobalSection(ExtensibilityGlobals) = postSolution
		SolutionGuid = {0B124193-3FB9-4DA8-AC89-ABBF69008CB2}
	EndGlobalSection
EndGlobal
